// !$*UTF8*$!
{
	archiveVersion = 1;
	classes = {
	};
	objectVersion = 51;
	objects = {

/* Begin PBXBuildFile section */
		2A0DEA6022AFF4AA0059C299 /* LPageView.swift in Sources */ = {isa = PBXBuildFile; fileRef = 2A0DEA5F22AFF4AA0059C299 /* LPageView.swift */; };
		2A0DEA6522B139850059C299 /* IJKMediaFramework.framework in Frameworks */ = {isa = PBXBuildFile; fileRef = 2A0DEA6422B139850059C299 /* IJKMediaFramework.framework */; };
		2A0DEA6722B149320059C299 /* LHeaderContentView.swift in Sources */ = {isa = PBXBuildFile; fileRef = 2A0DEA6622B149320059C299 /* LHeaderContentView.swift */; };
		2A1026F222A8110B00C31746 /* Array+Extension.swift in Sources */ = {isa = PBXBuildFile; fileRef = 2A1026F122A8110B00C31746 /* Array+Extension.swift */; };
		2AA3409E22998E50005DE559 /* AppDelegate.swift in Sources */ = {isa = PBXBuildFile; fileRef = 2AA3409D22998E50005DE559 /* AppDelegate.swift */; };
		2AA340A022998E50005DE559 /* ViewController.swift in Sources */ = {isa = PBXBuildFile; fileRef = 2AA3409F22998E50005DE559 /* ViewController.swift */; };
		2AA340A322998E50005DE559 /* Main.storyboard in Resources */ = {isa = PBXBuildFile; fileRef = 2AA340A122998E50005DE559 /* Main.storyboard */; };
		2AA340A522998E52005DE559 /* Assets.xcassets in Resources */ = {isa = PBXBuildFile; fileRef = 2AA340A422998E52005DE559 /* Assets.xcassets */; };
		2AA340A822998E52005DE559 /* LaunchScreen.storyboard in Resources */ = {isa = PBXBuildFile; fileRef = 2AA340A622998E52005DE559 /* LaunchScreen.storyboard */; };
		2AA340B322998E52005DE559 /* ImitationShakingTests.swift in Sources */ = {isa = PBXBuildFile; fileRef = 2AA340B222998E52005DE559 /* ImitationShakingTests.swift */; };
		2AA340BE22998E52005DE559 /* ImitationShakingUITests.swift in Sources */ = {isa = PBXBuildFile; fileRef = 2AA340BD22998E52005DE559 /* ImitationShakingUITests.swift */; };
		2AA340CF2299910C005DE559 /* BaseNavigationController.swift in Sources */ = {isa = PBXBuildFile; fileRef = 2AA340CE2299910C005DE559 /* BaseNavigationController.swift */; };
		2AA340D122999136005DE559 /* BaseTabBarController.swift in Sources */ = {isa = PBXBuildFile; fileRef = 2AA340D022999136005DE559 /* BaseTabBarController.swift */; };
		2AA340D422999237005DE559 /* BaseViewController.swift in Sources */ = {isa = PBXBuildFile; fileRef = 2AA340D322999237005DE559 /* BaseViewController.swift */; };
		2AA340DC2299967D005DE559 /* HomeViewController.swift in Sources */ = {isa = PBXBuildFile; fileRef = 2AA340DB2299967D005DE559 /* HomeViewController.swift */; };
		2AA340DE2299968B005DE559 /* FriendsViewController.swift in Sources */ = {isa = PBXBuildFile; fileRef = 2AA340DD2299968B005DE559 /* FriendsViewController.swift */; };
		2AA340E022999698005DE559 /* VideoUpdateViewController.swift in Sources */ = {isa = PBXBuildFile; fileRef = 2AA340DF22999698005DE559 /* VideoUpdateViewController.swift */; };
		2AA340E2229996A3005DE559 /* MessageViewController.swift in Sources */ = {isa = PBXBuildFile; fileRef = 2AA340E1229996A3005DE559 /* MessageViewController.swift */; };
		2AA340E4229996AD005DE559 /* MineViewController.swift in Sources */ = {isa = PBXBuildFile; fileRef = 2AA340E3229996AD005DE559 /* MineViewController.swift */; };
		2AA340E822999B8E005DE559 /* BaseTabBar.swift in Sources */ = {isa = PBXBuildFile; fileRef = 2AA340E722999B8E005DE559 /* BaseTabBar.swift */; };
		2AA340EF229AA1D6005DE559 /* NSNotificationExtension.swift in Sources */ = {isa = PBXBuildFile; fileRef = 2AA340EB229AA1D5005DE559 /* NSNotificationExtension.swift */; };
		2AA340F1229AA1D6005DE559 /* Constant.swift in Sources */ = {isa = PBXBuildFile; fileRef = 2AA340ED229AA1D6005DE559 /* Constant.swift */; };
		2AA340F2229AA1D6005DE559 /* AboutApp.swift in Sources */ = {isa = PBXBuildFile; fileRef = 2AA340EE229AA1D6005DE559 /* AboutApp.swift */; };
		2AA340F8229ABEAA005DE559 /* HomeCollectionViewCell.swift in Sources */ = {isa = PBXBuildFile; fileRef = 2AA340F7229ABEAA005DE559 /* HomeCollectionViewCell.swift */; };
		2AA340FB229ACA75005DE559 /* HomeHeaderView.swift in Sources */ = {isa = PBXBuildFile; fileRef = 2AA340FA229ACA75005DE559 /* HomeHeaderView.swift */; };
		2AA340FD229ACBB7005DE559 /* HomeVideoOperationView.swift in Sources */ = {isa = PBXBuildFile; fileRef = 2AA340FC229ACBB7005DE559 /* HomeVideoOperationView.swift */; };
		2AA34103229AE959005DE559 /* R.generated.swift in Sources */ = {isa = PBXBuildFile; fileRef = 2AA34102229AE959005DE559 /* R.generated.swift */; };
		2AA3410B229C2906005DE559 /* UIColor+Extension.swift in Sources */ = {isa = PBXBuildFile; fileRef = 2AA3410A229C2906005DE559 /* UIColor+Extension.swift */; };
		2AA3410E229C32AE005DE559 /* UIImage+Extension.swift in Sources */ = {isa = PBXBuildFile; fileRef = 2AA3410D229C32AE005DE559 /* UIImage+Extension.swift */; };
		2AA34111229ED6D9005DE559 /* UIButton+Extension.swift in Sources */ = {isa = PBXBuildFile; fileRef = 2AA34110229ED6D9005DE559 /* UIButton+Extension.swift */; };
		2AA34114229ED7B3005DE559 /* UIView+Frame.swift in Sources */ = {isa = PBXBuildFile; fileRef = 2AA34113229ED7B3005DE559 /* UIView+Frame.swift */; };
		2AA3411822A01BC5005DE559 /* PopUpViewManager.swift in Sources */ = {isa = PBXBuildFile; fileRef = 2AA3411722A01BC5005DE559 /* PopUpViewManager.swift */; };
		2AA3411A22A01C74005DE559 /* CommentsPopUpView.swift in Sources */ = {isa = PBXBuildFile; fileRef = 2AA3411922A01C74005DE559 /* CommentsPopUpView.swift */; };
		2AA3411E22A160A4005DE559 /* CommentsReplyTableViewCell.swift in Sources */ = {isa = PBXBuildFile; fileRef = 2AA3411D22A160A3005DE559 /* CommentsReplyTableViewCell.swift */; };
		2AA3412122A16118005DE559 /* NSObject+Extension.swift in Sources */ = {isa = PBXBuildFile; fileRef = 2AA3412022A16118005DE559 /* NSObject+Extension.swift */; };
		2AA3412422A1621D005DE559 /* String+Extension.swift in Sources */ = {isa = PBXBuildFile; fileRef = 2AA3412322A1621D005DE559 /* String+Extension.swift */; };
		2AA3412722A16631005DE559 /* Date+Extension.swift in Sources */ = {isa = PBXBuildFile; fileRef = 2AA3412622A16631005DE559 /* Date+Extension.swift */; };
		2AA3412C22A2CACF005DE559 /* SwiftNetworkManager.swift in Sources */ = {isa = PBXBuildFile; fileRef = 2AA3412B22A2CACF005DE559 /* SwiftNetworkManager.swift */; };
		2AA3412E22A2CE53005DE559 /* MoyaNetworkConfig.swift in Sources */ = {isa = PBXBuildFile; fileRef = 2AA3412D22A2CE53005DE559 /* MoyaNetworkConfig.swift */; };
		2AA3413022A2CE92005DE559 /* MoyaTargetTypeEx.swift in Sources */ = {isa = PBXBuildFile; fileRef = 2AA3412F22A2CE92005DE559 /* MoyaTargetTypeEx.swift */; };
		2AA3413222A2D24B005DE559 /* NetConst.swift in Sources */ = {isa = PBXBuildFile; fileRef = 2AA3413122A2D24B005DE559 /* NetConst.swift */; };
		2AA3413422A370F3005DE559 /* CommentsHeaderView.swift in Sources */ = {isa = PBXBuildFile; fileRef = 2AA3413322A370F3005DE559 /* CommentsHeaderView.swift */; };
		2AA3413722A38EB3005DE559 /* CommentListModel.swift in Sources */ = {isa = PBXBuildFile; fileRef = 2AA3413622A38EB3005DE559 /* CommentListModel.swift */; };
		2AA3413B22A3B3D6005DE559 /* PublicBottomInputView.swift in Sources */ = {isa = PBXBuildFile; fileRef = 2AA3413A22A3B3D6005DE559 /* PublicBottomInputView.swift */; };
		2AA3414822A57774005DE559 /* schoolData.json in Resources */ = {isa = PBXBuildFile; fileRef = 2AA3414722A57774005DE559 /* schoolData.json */; };
		2AA3414A22A57810005DE559 /* provincesData.json in Resources */ = {isa = PBXBuildFile; fileRef = 2AA3414922A57810005DE559 /* provincesData.json */; };
		2AA3414C22A583E9005DE559 /* 抖腿短视频.md in Resources */ = {isa = PBXBuildFile; fileRef = 2AA3414B22A583E9005DE559 /* 抖腿短视频.md */; };
		A898C693F6C9DAC437E5F805 /* Pods_ImitationShakingTests.framework in Frameworks */ = {isa = PBXBuildFile; fileRef = AB8A21A8546AA41F2552136E /* Pods_ImitationShakingTests.framework */; };
		B75EF6A506F8566F6FE679EC /* Pods_ImitationShakingUITests.framework in Frameworks */ = {isa = PBXBuildFile; fileRef = CAB9AE47C95E48072E6C02FF /* Pods_ImitationShakingUITests.framework */; };
		CA049CE522A8B04A0058A55E /* UserCacheModel.swift in Sources */ = {isa = PBXBuildFile; fileRef = CA049CE422A8B04A0058A55E /* UserCacheModel.swift */; };
		CA0D368222A0D68E004F6968 /* UIDevice+Extension.swift in Sources */ = {isa = PBXBuildFile; fileRef = CA0D368122A0D68E004F6968 /* UIDevice+Extension.swift */; };
		CA0D368422A1026F004F6968 /* SharePopUpView.swift in Sources */ = {isa = PBXBuildFile; fileRef = CA0D368322A1026F004F6968 /* SharePopUpView.swift */; };
		CA279F6D22AE4D2200DE3CE8 /* RootViewController.swift in Sources */ = {isa = PBXBuildFile; fileRef = CA279F6C22AE4D2200DE3CE8 /* RootViewController.swift */; };
		CA279F7022AE588200DE3CE8 /* PublicShootViewController.swift in Sources */ = {isa = PBXBuildFile; fileRef = CA279F6F22AE588200DE3CE8 /* PublicShootViewController.swift */; };
		CA93589522B1EC26004C7EFF /* LTitleItemLayout.swift in Sources */ = {isa = PBXBuildFile; fileRef = CA93589422B1EC26004C7EFF /* LTitleItemLayout.swift */; };
		CA93589B22B20237004C7EFF /* LTitleBar.swift in Sources */ = {isa = PBXBuildFile; fileRef = CA93589A22B20237004C7EFF /* LTitleBar.swift */; };
		CA9AAAF322A66E160084B409 /* PublicUserModel.swift in Sources */ = {isa = PBXBuildFile; fileRef = CA9AAAF222A66E160084B409 /* PublicUserModel.swift */; };
		CA9AAAF522A66E4E0084B409 /* HomeVideoListModel.swift in Sources */ = {isa = PBXBuildFile; fileRef = CA9AAAF422A66E4E0084B409 /* HomeVideoListModel.swift */; };
		CA9DC15E22A4B90A00BF331A /* MBAlertUtil.swift in Sources */ = {isa = PBXBuildFile; fileRef = CA9DC15D22A4B90A00BF331A /* MBAlertUtil.swift */; };
		CA9DC16022A4C15700BF331A /* CommentsReplyMoreTableViewCell.swift in Sources */ = {isa = PBXBuildFile; fileRef = CA9DC15F22A4C15700BF331A /* CommentsReplyMoreTableViewCell.swift */; };
		CA9DC16322A4CBC300BF331A /* Int+Extension.swift in Sources */ = {isa = PBXBuildFile; fileRef = CA9DC16222A4CBC300BF331A /* Int+Extension.swift */; };
		CA9DC16522A4CF9300BF331A /* CommentRequestStruct.swift in Sources */ = {isa = PBXBuildFile; fileRef = CA9DC16422A4CF9300BF331A /* CommentRequestStruct.swift */; };
		CA9DC16A22A51DAE00BF331A /* LoginViewController.swift in Sources */ = {isa = PBXBuildFile; fileRef = CA9DC16922A51DAE00BF331A /* LoginViewController.swift */; };
		CAA1883E22B0DA8E0077B7AA /* LTitleBarLayout.swift in Sources */ = {isa = PBXBuildFile; fileRef = CAA1883D22B0DA8E0077B7AA /* LTitleBarLayout.swift */; };
		CAA1884022B0E3E30077B7AA /* LPagesCache.swift in Sources */ = {isa = PBXBuildFile; fileRef = CAA1883F22B0E3E30077B7AA /* LPagesCache.swift */; };
		DE6D9C7FB035F84F517874DC /* Pods_ImitationShaking.framework in Frameworks */ = {isa = PBXBuildFile; fileRef = 240A2BF843BF79AF9245642C /* Pods_ImitationShaking.framework */; };
/* End PBXBuildFile section */

/* Begin PBXContainerItemProxy section */
		2AA340AF22998E52005DE559 /* PBXContainerItemProxy */ = {
			isa = PBXContainerItemProxy;
			containerPortal = 2AA3409222998E50005DE559 /* Project object */;
			proxyType = 1;
			remoteGlobalIDString = 2AA3409922998E50005DE559;
			remoteInfo = ImitationShaking;
		};
		2AA340BA22998E52005DE559 /* PBXContainerItemProxy */ = {
			isa = PBXContainerItemProxy;
			containerPortal = 2AA3409222998E50005DE559 /* Project object */;
			proxyType = 1;
			remoteGlobalIDString = 2AA3409922998E50005DE559;
			remoteInfo = ImitationShaking;
		};
/* End PBXContainerItemProxy section */

/* Begin PBXFileReference section */
		121EA2573FF1D3D3F6E5FC32 /* Pods-ImitationShaking.debug.xcconfig */ = {isa = PBXFileReference; includeInIndex = 1; lastKnownFileType = text.xcconfig; name = "Pods-ImitationShaking.debug.xcconfig"; path = "Target Support Files/Pods-ImitationShaking/Pods-ImitationShaking.debug.xcconfig"; sourceTree = "<group>"; };
		200C356F7ABBBAE207A843E9 /* Pods-ImitationShakingTests.pre-release.xcconfig */ = {isa = PBXFileReference; includeInIndex = 1; lastKnownFileType = text.xcconfig; name = "Pods-ImitationShakingTests.pre-release.xcconfig"; path = "Target Support Files/Pods-ImitationShakingTests/Pods-ImitationShakingTests.pre-release.xcconfig"; sourceTree = "<group>"; };
		2083061DAA7E671768881726 /* Pods-ImitationShakingTests.debug.xcconfig */ = {isa = PBXFileReference; includeInIndex = 1; lastKnownFileType = text.xcconfig; name = "Pods-ImitationShakingTests.debug.xcconfig"; path = "Target Support Files/Pods-ImitationShakingTests/Pods-ImitationShakingTests.debug.xcconfig"; sourceTree = "<group>"; };
		240A2BF843BF79AF9245642C /* Pods_ImitationShaking.framework */ = {isa = PBXFileReference; explicitFileType = wrapper.framework; includeInIndex = 0; path = Pods_ImitationShaking.framework; sourceTree = BUILT_PRODUCTS_DIR; };
		2A0DEA5F22AFF4AA0059C299 /* LPageView.swift */ = {isa = PBXFileReference; lastKnownFileType = sourcecode.swift; path = LPageView.swift; sourceTree = "<group>"; };
		2A0DEA6422B139850059C299 /* IJKMediaFramework.framework */ = {isa = PBXFileReference; lastKnownFileType = wrapper.framework; path = IJKMediaFramework.framework; sourceTree = "<group>"; };
		2A0DEA6622B149320059C299 /* LHeaderContentView.swift */ = {isa = PBXFileReference; lastKnownFileType = sourcecode.swift; path = LHeaderContentView.swift; sourceTree = "<group>"; };
		2A1026F122A8110B00C31746 /* Array+Extension.swift */ = {isa = PBXFileReference; fileEncoding = 4; lastKnownFileType = sourcecode.swift; path = "Array+Extension.swift"; sourceTree = "<group>"; };
		2AA3409A22998E50005DE559 /* ImitationShaking.app */ = {isa = PBXFileReference; explicitFileType = wrapper.application; includeInIndex = 0; path = ImitationShaking.app; sourceTree = BUILT_PRODUCTS_DIR; };
		2AA3409D22998E50005DE559 /* AppDelegate.swift */ = {isa = PBXFileReference; lastKnownFileType = sourcecode.swift; path = AppDelegate.swift; sourceTree = "<group>"; };
		2AA3409F22998E50005DE559 /* ViewController.swift */ = {isa = PBXFileReference; lastKnownFileType = sourcecode.swift; path = ViewController.swift; sourceTree = "<group>"; };
		2AA340A222998E50005DE559 /* Base */ = {isa = PBXFileReference; lastKnownFileType = file.storyboard; name = Base; path = Base.lproj/Main.storyboard; sourceTree = "<group>"; };
		2AA340A422998E52005DE559 /* Assets.xcassets */ = {isa = PBXFileReference; lastKnownFileType = folder.assetcatalog; path = Assets.xcassets; sourceTree = "<group>"; };
		2AA340A722998E52005DE559 /* Base */ = {isa = PBXFileReference; lastKnownFileType = file.storyboard; name = Base; path = Base.lproj/LaunchScreen.storyboard; sourceTree = "<group>"; };
		2AA340A922998E52005DE559 /* Info.plist */ = {isa = PBXFileReference; lastKnownFileType = text.plist.xml; path = Info.plist; sourceTree = "<group>"; };
		2AA340AE22998E52005DE559 /* ImitationShakingTests.xctest */ = {isa = PBXFileReference; explicitFileType = wrapper.cfbundle; includeInIndex = 0; path = ImitationShakingTests.xctest; sourceTree = BUILT_PRODUCTS_DIR; };
		2AA340B222998E52005DE559 /* ImitationShakingTests.swift */ = {isa = PBXFileReference; lastKnownFileType = sourcecode.swift; path = ImitationShakingTests.swift; sourceTree = "<group>"; };
		2AA340B422998E52005DE559 /* Info.plist */ = {isa = PBXFileReference; lastKnownFileType = text.plist.xml; path = Info.plist; sourceTree = "<group>"; };
		2AA340B922998E52005DE559 /* ImitationShakingUITests.xctest */ = {isa = PBXFileReference; explicitFileType = wrapper.cfbundle; includeInIndex = 0; path = ImitationShakingUITests.xctest; sourceTree = BUILT_PRODUCTS_DIR; };
		2AA340BD22998E52005DE559 /* ImitationShakingUITests.swift */ = {isa = PBXFileReference; lastKnownFileType = sourcecode.swift; path = ImitationShakingUITests.swift; sourceTree = "<group>"; };
		2AA340BF22998E52005DE559 /* Info.plist */ = {isa = PBXFileReference; lastKnownFileType = text.plist.xml; path = Info.plist; sourceTree = "<group>"; };
		2AA340CE2299910C005DE559 /* BaseNavigationController.swift */ = {isa = PBXFileReference; lastKnownFileType = sourcecode.swift; path = BaseNavigationController.swift; sourceTree = "<group>"; };
		2AA340D022999136005DE559 /* BaseTabBarController.swift */ = {isa = PBXFileReference; lastKnownFileType = sourcecode.swift; path = BaseTabBarController.swift; sourceTree = "<group>"; };
		2AA340D322999237005DE559 /* BaseViewController.swift */ = {isa = PBXFileReference; lastKnownFileType = sourcecode.swift; path = BaseViewController.swift; sourceTree = "<group>"; };
		2AA340DB2299967D005DE559 /* HomeViewController.swift */ = {isa = PBXFileReference; lastKnownFileType = sourcecode.swift; path = HomeViewController.swift; sourceTree = "<group>"; };
		2AA340DD2299968B005DE559 /* FriendsViewController.swift */ = {isa = PBXFileReference; lastKnownFileType = sourcecode.swift; path = FriendsViewController.swift; sourceTree = "<group>"; };
		2AA340DF22999698005DE559 /* VideoUpdateViewController.swift */ = {isa = PBXFileReference; lastKnownFileType = sourcecode.swift; path = VideoUpdateViewController.swift; sourceTree = "<group>"; };
		2AA340E1229996A3005DE559 /* MessageViewController.swift */ = {isa = PBXFileReference; lastKnownFileType = sourcecode.swift; path = MessageViewController.swift; sourceTree = "<group>"; };
		2AA340E3229996AD005DE559 /* MineViewController.swift */ = {isa = PBXFileReference; lastKnownFileType = sourcecode.swift; path = MineViewController.swift; sourceTree = "<group>"; };
		2AA340E722999B8E005DE559 /* BaseTabBar.swift */ = {isa = PBXFileReference; lastKnownFileType = sourcecode.swift; path = BaseTabBar.swift; sourceTree = "<group>"; };
		2AA340EB229AA1D5005DE559 /* NSNotificationExtension.swift */ = {isa = PBXFileReference; fileEncoding = 4; lastKnownFileType = sourcecode.swift; path = NSNotificationExtension.swift; sourceTree = "<group>"; };
		2AA340ED229AA1D6005DE559 /* Constant.swift */ = {isa = PBXFileReference; fileEncoding = 4; lastKnownFileType = sourcecode.swift; path = Constant.swift; sourceTree = "<group>"; };
		2AA340EE229AA1D6005DE559 /* AboutApp.swift */ = {isa = PBXFileReference; fileEncoding = 4; lastKnownFileType = sourcecode.swift; path = AboutApp.swift; sourceTree = "<group>"; };
		2AA340F7229ABEAA005DE559 /* HomeCollectionViewCell.swift */ = {isa = PBXFileReference; lastKnownFileType = sourcecode.swift; path = HomeCollectionViewCell.swift; sourceTree = "<group>"; };
		2AA340FA229ACA75005DE559 /* HomeHeaderView.swift */ = {isa = PBXFileReference; lastKnownFileType = sourcecode.swift; path = HomeHeaderView.swift; sourceTree = "<group>"; };
		2AA340FC229ACBB7005DE559 /* HomeVideoOperationView.swift */ = {isa = PBXFileReference; lastKnownFileType = sourcecode.swift; path = HomeVideoOperationView.swift; sourceTree = "<group>"; };
		2AA34102229AE959005DE559 /* R.generated.swift */ = {isa = PBXFileReference; fileEncoding = 4; lastKnownFileType = sourcecode.swift; path = R.generated.swift; sourceTree = SOURCE_ROOT; };
		2AA3410A229C2906005DE559 /* UIColor+Extension.swift */ = {isa = PBXFileReference; lastKnownFileType = sourcecode.swift; path = "UIColor+Extension.swift"; sourceTree = "<group>"; };
		2AA3410D229C32AE005DE559 /* UIImage+Extension.swift */ = {isa = PBXFileReference; lastKnownFileType = sourcecode.swift; path = "UIImage+Extension.swift"; sourceTree = "<group>"; };
		2AA34110229ED6D9005DE559 /* UIButton+Extension.swift */ = {isa = PBXFileReference; lastKnownFileType = sourcecode.swift; path = "UIButton+Extension.swift"; sourceTree = "<group>"; };
		2AA34113229ED7B3005DE559 /* UIView+Frame.swift */ = {isa = PBXFileReference; fileEncoding = 4; lastKnownFileType = sourcecode.swift; path = "UIView+Frame.swift"; sourceTree = "<group>"; };
		2AA3411722A01BC5005DE559 /* PopUpViewManager.swift */ = {isa = PBXFileReference; fileEncoding = 4; lastKnownFileType = sourcecode.swift; path = PopUpViewManager.swift; sourceTree = "<group>"; };
		2AA3411922A01C74005DE559 /* CommentsPopUpView.swift */ = {isa = PBXFileReference; lastKnownFileType = sourcecode.swift; path = CommentsPopUpView.swift; sourceTree = "<group>"; };
		2AA3411D22A160A3005DE559 /* CommentsReplyTableViewCell.swift */ = {isa = PBXFileReference; lastKnownFileType = sourcecode.swift; path = CommentsReplyTableViewCell.swift; sourceTree = "<group>"; };
		2AA3412022A16118005DE559 /* NSObject+Extension.swift */ = {isa = PBXFileReference; lastKnownFileType = sourcecode.swift; path = "NSObject+Extension.swift"; sourceTree = "<group>"; };
		2AA3412322A1621D005DE559 /* String+Extension.swift */ = {isa = PBXFileReference; lastKnownFileType = sourcecode.swift; path = "String+Extension.swift"; sourceTree = "<group>"; };
		2AA3412622A16631005DE559 /* Date+Extension.swift */ = {isa = PBXFileReference; lastKnownFileType = sourcecode.swift; path = "Date+Extension.swift"; sourceTree = "<group>"; };
		2AA3412B22A2CACF005DE559 /* SwiftNetworkManager.swift */ = {isa = PBXFileReference; lastKnownFileType = sourcecode.swift; path = SwiftNetworkManager.swift; sourceTree = "<group>"; };
		2AA3412D22A2CE53005DE559 /* MoyaNetworkConfig.swift */ = {isa = PBXFileReference; lastKnownFileType = sourcecode.swift; path = MoyaNetworkConfig.swift; sourceTree = "<group>"; };
		2AA3412F22A2CE92005DE559 /* MoyaTargetTypeEx.swift */ = {isa = PBXFileReference; lastKnownFileType = sourcecode.swift; path = MoyaTargetTypeEx.swift; sourceTree = "<group>"; };
		2AA3413122A2D24B005DE559 /* NetConst.swift */ = {isa = PBXFileReference; lastKnownFileType = sourcecode.swift; path = NetConst.swift; sourceTree = "<group>"; };
		2AA3413322A370F3005DE559 /* CommentsHeaderView.swift */ = {isa = PBXFileReference; lastKnownFileType = sourcecode.swift; path = CommentsHeaderView.swift; sourceTree = "<group>"; };
		2AA3413622A38EB3005DE559 /* CommentListModel.swift */ = {isa = PBXFileReference; lastKnownFileType = sourcecode.swift; path = CommentListModel.swift; sourceTree = "<group>"; };
		2AA3413A22A3B3D6005DE559 /* PublicBottomInputView.swift */ = {isa = PBXFileReference; lastKnownFileType = sourcecode.swift; path = PublicBottomInputView.swift; sourceTree = "<group>"; };
		2AA3413C22A3B5DA005DE559 /* ImitationShaking-Bridging-Header.h */ = {isa = PBXFileReference; lastKnownFileType = sourcecode.c.h; path = "ImitationShaking-Bridging-Header.h"; sourceTree = "<group>"; };
		2AA3414722A57774005DE559 /* schoolData.json */ = {isa = PBXFileReference; fileEncoding = 4; lastKnownFileType = text.json; path = schoolData.json; sourceTree = "<group>"; };
		2AA3414922A57810005DE559 /* provincesData.json */ = {isa = PBXFileReference; fileEncoding = 4; lastKnownFileType = text.json; path = provincesData.json; sourceTree = "<group>"; };
		2AA3414B22A583E9005DE559 /* 抖腿短视频.md */ = {isa = PBXFileReference; fileEncoding = 4; lastKnownFileType = net.daringfireball.markdown; path = "抖腿短视频.md"; sourceTree = "<group>"; };
		2B3195471830D35CFF51399B /* Pods-ImitationShakingUITests.release.xcconfig */ = {isa = PBXFileReference; includeInIndex = 1; lastKnownFileType = text.xcconfig; name = "Pods-ImitationShakingUITests.release.xcconfig"; path = "Target Support Files/Pods-ImitationShakingUITests/Pods-ImitationShakingUITests.release.xcconfig"; sourceTree = "<group>"; };
		5457946FEA70142C825F89DA /* Pods-ImitationShakingUITests.pre-release.xcconfig */ = {isa = PBXFileReference; includeInIndex = 1; lastKnownFileType = text.xcconfig; name = "Pods-ImitationShakingUITests.pre-release.xcconfig"; path = "Target Support Files/Pods-ImitationShakingUITests/Pods-ImitationShakingUITests.pre-release.xcconfig"; sourceTree = "<group>"; };
		7EE59D65078068B2C29A0012 /* Pods-ImitationShakingTests.release.xcconfig */ = {isa = PBXFileReference; includeInIndex = 1; lastKnownFileType = text.xcconfig; name = "Pods-ImitationShakingTests.release.xcconfig"; path = "Target Support Files/Pods-ImitationShakingTests/Pods-ImitationShakingTests.release.xcconfig"; sourceTree = "<group>"; };
		813D449C2A2DEC4CAA69C1BB /* Pods-ImitationShaking.pre-release.xcconfig */ = {isa = PBXFileReference; includeInIndex = 1; lastKnownFileType = text.xcconfig; name = "Pods-ImitationShaking.pre-release.xcconfig"; path = "Target Support Files/Pods-ImitationShaking/Pods-ImitationShaking.pre-release.xcconfig"; sourceTree = "<group>"; };
		89FFD4FDB688C9F31B297D98 /* Pods-ImitationShaking.release.xcconfig */ = {isa = PBXFileReference; includeInIndex = 1; lastKnownFileType = text.xcconfig; name = "Pods-ImitationShaking.release.xcconfig"; path = "Target Support Files/Pods-ImitationShaking/Pods-ImitationShaking.release.xcconfig"; sourceTree = "<group>"; };
		AB8A21A8546AA41F2552136E /* Pods_ImitationShakingTests.framework */ = {isa = PBXFileReference; explicitFileType = wrapper.framework; includeInIndex = 0; path = Pods_ImitationShakingTests.framework; sourceTree = BUILT_PRODUCTS_DIR; };
		CA049CE422A8B04A0058A55E /* UserCacheModel.swift */ = {isa = PBXFileReference; lastKnownFileType = sourcecode.swift; path = UserCacheModel.swift; sourceTree = "<group>"; };
		CA0D368122A0D68E004F6968 /* UIDevice+Extension.swift */ = {isa = PBXFileReference; fileEncoding = 4; lastKnownFileType = sourcecode.swift; path = "UIDevice+Extension.swift"; sourceTree = "<group>"; };
		CA0D368322A1026F004F6968 /* SharePopUpView.swift */ = {isa = PBXFileReference; lastKnownFileType = sourcecode.swift; path = SharePopUpView.swift; sourceTree = "<group>"; };
		CA279F6C22AE4D2200DE3CE8 /* RootViewController.swift */ = {isa = PBXFileReference; lastKnownFileType = sourcecode.swift; path = RootViewController.swift; sourceTree = "<group>"; };
		CA279F6F22AE588200DE3CE8 /* PublicShootViewController.swift */ = {isa = PBXFileReference; lastKnownFileType = sourcecode.swift; path = PublicShootViewController.swift; sourceTree = "<group>"; };
		CA93589422B1EC26004C7EFF /* LTitleItemLayout.swift */ = {isa = PBXFileReference; lastKnownFileType = sourcecode.swift; path = LTitleItemLayout.swift; sourceTree = "<group>"; };
		CA93589A22B20237004C7EFF /* LTitleBar.swift */ = {isa = PBXFileReference; lastKnownFileType = sourcecode.swift; path = LTitleBar.swift; sourceTree = "<group>"; };
		CA9AAAF222A66E160084B409 /* PublicUserModel.swift */ = {isa = PBXFileReference; lastKnownFileType = sourcecode.swift; path = PublicUserModel.swift; sourceTree = "<group>"; };
		CA9AAAF422A66E4E0084B409 /* HomeVideoListModel.swift */ = {isa = PBXFileReference; lastKnownFileType = sourcecode.swift; path = HomeVideoListModel.swift; sourceTree = "<group>"; };
		CA9DC15D22A4B90A00BF331A /* MBAlertUtil.swift */ = {isa = PBXFileReference; lastKnownFileType = sourcecode.swift; path = MBAlertUtil.swift; sourceTree = "<group>"; };
		CA9DC15F22A4C15700BF331A /* CommentsReplyMoreTableViewCell.swift */ = {isa = PBXFileReference; lastKnownFileType = sourcecode.swift; path = CommentsReplyMoreTableViewCell.swift; sourceTree = "<group>"; };
		CA9DC16222A4CBC300BF331A /* Int+Extension.swift */ = {isa = PBXFileReference; lastKnownFileType = sourcecode.swift; path = "Int+Extension.swift"; sourceTree = "<group>"; };
		CA9DC16422A4CF9300BF331A /* CommentRequestStruct.swift */ = {isa = PBXFileReference; lastKnownFileType = sourcecode.swift; path = CommentRequestStruct.swift; sourceTree = "<group>"; };
		CA9DC16922A51DAE00BF331A /* LoginViewController.swift */ = {isa = PBXFileReference; lastKnownFileType = sourcecode.swift; path = LoginViewController.swift; sourceTree = "<group>"; };
		CAA1883D22B0DA8E0077B7AA /* LTitleBarLayout.swift */ = {isa = PBXFileReference; lastKnownFileType = sourcecode.swift; path = LTitleBarLayout.swift; sourceTree = "<group>"; };
		CAA1883F22B0E3E30077B7AA /* LPagesCache.swift */ = {isa = PBXFileReference; lastKnownFileType = sourcecode.swift; path = LPagesCache.swift; sourceTree = "<group>"; };
		CAB9AE47C95E48072E6C02FF /* Pods_ImitationShakingUITests.framework */ = {isa = PBXFileReference; explicitFileType = wrapper.framework; includeInIndex = 0; path = Pods_ImitationShakingUITests.framework; sourceTree = BUILT_PRODUCTS_DIR; };
		DD792A7AC2491788E8E060C0 /* Pods-ImitationShakingUITests.debug.xcconfig */ = {isa = PBXFileReference; includeInIndex = 1; lastKnownFileType = text.xcconfig; name = "Pods-ImitationShakingUITests.debug.xcconfig"; path = "Target Support Files/Pods-ImitationShakingUITests/Pods-ImitationShakingUITests.debug.xcconfig"; sourceTree = "<group>"; };
/* End PBXFileReference section */

/* Begin PBXFrameworksBuildPhase section */
		2AA3409722998E50005DE559 /* Frameworks */ = {
			isa = PBXFrameworksBuildPhase;
			buildActionMask = 2147483647;
			files = (
				DE6D9C7FB035F84F517874DC /* Pods_ImitationShaking.framework in Frameworks */,
				2A0DEA6522B139850059C299 /* IJKMediaFramework.framework in Frameworks */,
			);
			runOnlyForDeploymentPostprocessing = 0;
		};
		2AA340AB22998E52005DE559 /* Frameworks */ = {
			isa = PBXFrameworksBuildPhase;
			buildActionMask = 2147483647;
			files = (
				A898C693F6C9DAC437E5F805 /* Pods_ImitationShakingTests.framework in Frameworks */,
			);
			runOnlyForDeploymentPostprocessing = 0;
		};
		2AA340B622998E52005DE559 /* Frameworks */ = {
			isa = PBXFrameworksBuildPhase;
			buildActionMask = 2147483647;
			files = (
				B75EF6A506F8566F6FE679EC /* Pods_ImitationShakingUITests.framework in Frameworks */,
			);
			runOnlyForDeploymentPostprocessing = 0;
		};
/* End PBXFrameworksBuildPhase section */

/* Begin PBXGroup section */
		2A0DEA5E22AFF46F0059C299 /* LPageView */ = {
			isa = PBXGroup;
			children = (
				2A0DEA5F22AFF4AA0059C299 /* LPageView.swift */,
				CAA1883D22B0DA8E0077B7AA /* LTitleBarLayout.swift */,
				CAA1883F22B0E3E30077B7AA /* LPagesCache.swift */,
				2A0DEA6622B149320059C299 /* LHeaderContentView.swift */,
				CA93589422B1EC26004C7EFF /* LTitleItemLayout.swift */,
				CA93589A22B20237004C7EFF /* LTitleBar.swift */,
			);
			path = LPageView;
			sourceTree = "<group>";
		};
		2A0DEA6322B1390C0059C299 /* ThirdParty */ = {
			isa = PBXGroup;
			children = (
				2A0DEA6422B139850059C299 /* IJKMediaFramework.framework */,
			);
			path = ThirdParty;
			sourceTree = "<group>";
		};
		2A1026F022A810F400C31746 /* Array */ = {
			isa = PBXGroup;
			children = (
				2A1026F122A8110B00C31746 /* Array+Extension.swift */,
			);
			path = Array;
			sourceTree = "<group>";
		};
		2AA3409122998E50005DE559 = {
			isa = PBXGroup;
			children = (
				2AA3409C22998E50005DE559 /* ImitationShaking */,
				2AA340B122998E52005DE559 /* ImitationShakingTests */,
				2AA340BC22998E52005DE559 /* ImitationShakingUITests */,
				2AA3409B22998E50005DE559 /* Products */,
				F534CFEC6FD39B4FEAF33187 /* Pods */,
				3F3EA90BA62750EAFF3BC298 /* Frameworks */,
			);
			sourceTree = "<group>";
		};
		2AA3409B22998E50005DE559 /* Products */ = {
			isa = PBXGroup;
			children = (
				2AA3409A22998E50005DE559 /* ImitationShaking.app */,
				2AA340AE22998E52005DE559 /* ImitationShakingTests.xctest */,
				2AA340B922998E52005DE559 /* ImitationShakingUITests.xctest */,
			);
			name = Products;
			sourceTree = "<group>";
		};
		2AA3409C22998E50005DE559 /* ImitationShaking */ = {
			isa = PBXGroup;
			children = (
				2AA340E9229AA199005DE559 /* Common */,
				2AA340CB22999076005DE559 /* Base */,
				2AA340D522999528005DE559 /* Modules */,
				2AA340E52299989B005DE559 /* AppDelegate */,
				2AA3409F22998E50005DE559 /* ViewController.swift */,
				2AA34102229AE959005DE559 /* R.generated.swift */,
				2AA3414722A57774005DE559 /* schoolData.json */,
				2AA3414922A57810005DE559 /* provincesData.json */,
				2AA3414B22A583E9005DE559 /* 抖腿短视频.md */,
				2AA3413C22A3B5DA005DE559 /* ImitationShaking-Bridging-Header.h */,
				2AA340A122998E50005DE559 /* Main.storyboard */,
				2AA340A422998E52005DE559 /* Assets.xcassets */,
				2AA340A622998E52005DE559 /* LaunchScreen.storyboard */,
				2AA340A922998E52005DE559 /* Info.plist */,
			);
			path = ImitationShaking;
			sourceTree = "<group>";
		};
		2AA340B122998E52005DE559 /* ImitationShakingTests */ = {
			isa = PBXGroup;
			children = (
				2AA340B222998E52005DE559 /* ImitationShakingTests.swift */,
				2AA340B422998E52005DE559 /* Info.plist */,
			);
			path = ImitationShakingTests;
			sourceTree = "<group>";
		};
		2AA340BC22998E52005DE559 /* ImitationShakingUITests */ = {
			isa = PBXGroup;
			children = (
				2AA340BD22998E52005DE559 /* ImitationShakingUITests.swift */,
				2AA340BF22998E52005DE559 /* Info.plist */,
			);
			path = ImitationShakingUITests;
			sourceTree = "<group>";
		};
		2AA340CB22999076005DE559 /* Base */ = {
			isa = PBXGroup;
			children = (
				2AA340E622999B52005DE559 /* UITabBar */,
				2AA340D222999229005DE559 /* ViewController */,
				2AA340CD22999092005DE559 /* UITabBarController */,
				2AA340CC2299907E005DE559 /* UINavigation */,
			);
			path = Base;
			sourceTree = "<group>";
		};
		2AA340CC2299907E005DE559 /* UINavigation */ = {
			isa = PBXGroup;
			children = (
				2AA340CE2299910C005DE559 /* BaseNavigationController.swift */,
			);
			path = UINavigation;
			sourceTree = "<group>";
		};
		2AA340CD22999092005DE559 /* UITabBarController */ = {
			isa = PBXGroup;
			children = (
				2AA340D022999136005DE559 /* BaseTabBarController.swift */,
				CA279F6C22AE4D2200DE3CE8 /* RootViewController.swift */,
			);
			path = UITabBarController;
			sourceTree = "<group>";
		};
		2AA340D222999229005DE559 /* ViewController */ = {
			isa = PBXGroup;
			children = (
				2AA340D322999237005DE559 /* BaseViewController.swift */,
			);
			path = ViewController;
			sourceTree = "<group>";
		};
		2AA340D522999528005DE559 /* Modules */ = {
			isa = PBXGroup;
			children = (
				CA9DC16822A51D8300BF331A /* Login */,
				2AA3413822A3B3A4005DE559 /* Public */,
				2AA340D922999545005DE559 /* Home */,
				2AA340D822999543005DE559 /* Friends */,
				2AA340DA229995B1005DE559 /* VideoUpdate */,
				2AA340D72299953E005DE559 /* Message */,
				2AA340D62299953C005DE559 /* Mine */,
			);
			path = Modules;
			sourceTree = "<group>";
		};
		2AA340D62299953C005DE559 /* Mine */ = {
			isa = PBXGroup;
			children = (
				2AA340E3229996AD005DE559 /* MineViewController.swift */,
			);
			path = Mine;
			sourceTree = "<group>";
		};
		2AA340D72299953E005DE559 /* Message */ = {
			isa = PBXGroup;
			children = (
				2AA340E1229996A3005DE559 /* MessageViewController.swift */,
			);
			path = Message;
			sourceTree = "<group>";
		};
		2AA340D822999543005DE559 /* Friends */ = {
			isa = PBXGroup;
			children = (
				2AA340DD2299968B005DE559 /* FriendsViewController.swift */,
			);
			path = Friends;
			sourceTree = "<group>";
		};
		2AA340D922999545005DE559 /* Home */ = {
			isa = PBXGroup;
			children = (
				2AA3413522A38E94005DE559 /* Model */,
				2AA340F9229ACA5C005DE559 /* View */,
				2AA340F6229ABE91005DE559 /* Cell */,
				2AA340DB2299967D005DE559 /* HomeViewController.swift */,
			);
			path = Home;
			sourceTree = "<group>";
		};
		2AA340DA229995B1005DE559 /* VideoUpdate */ = {
			isa = PBXGroup;
			children = (
				2AA340DF22999698005DE559 /* VideoUpdateViewController.swift */,
			);
			path = VideoUpdate;
			sourceTree = "<group>";
		};
		2AA340E52299989B005DE559 /* AppDelegate */ = {
			isa = PBXGroup;
			children = (
				2AA3409D22998E50005DE559 /* AppDelegate.swift */,
			);
			path = AppDelegate;
			sourceTree = "<group>";
		};
		2AA340E622999B52005DE559 /* UITabBar */ = {
			isa = PBXGroup;
			children = (
				2AA340E722999B8E005DE559 /* BaseTabBar.swift */,
			);
			path = UITabBar;
			sourceTree = "<group>";
		};
		2AA340E9229AA199005DE559 /* Common */ = {
			isa = PBXGroup;
			children = (
				2AA3412A22A2CAB0005DE559 /* NetWork */,
				2AA3411522A01B63005DE559 /* Tool */,
				2AA340EA229AA19D005DE559 /* Const */,
				2AA34108229C28D4005DE559 /* Extension */,
			);
			path = Common;
			sourceTree = "<group>";
		};
		2AA340EA229AA19D005DE559 /* Const */ = {
			isa = PBXGroup;
			children = (
				2AA340EE229AA1D6005DE559 /* AboutApp.swift */,
				2AA340ED229AA1D6005DE559 /* Constant.swift */,
				2AA340EB229AA1D5005DE559 /* NSNotificationExtension.swift */,
			);
			path = Const;
			sourceTree = "<group>";
		};
		2AA340F6229ABE91005DE559 /* Cell */ = {
			isa = PBXGroup;
			children = (
				2AA340F7229ABEAA005DE559 /* HomeCollectionViewCell.swift */,
				2AA3411D22A160A3005DE559 /* CommentsReplyTableViewCell.swift */,
				CA9DC15F22A4C15700BF331A /* CommentsReplyMoreTableViewCell.swift */,
			);
			path = Cell;
			sourceTree = "<group>";
		};
		2AA340F9229ACA5C005DE559 /* View */ = {
			isa = PBXGroup;
			children = (
				2AA340FA229ACA75005DE559 /* HomeHeaderView.swift */,
				2AA340FC229ACBB7005DE559 /* HomeVideoOperationView.swift */,
				2AA3411922A01C74005DE559 /* CommentsPopUpView.swift */,
				CA0D368322A1026F004F6968 /* SharePopUpView.swift */,
				2AA3413322A370F3005DE559 /* CommentsHeaderView.swift */,
			);
			path = View;
			sourceTree = "<group>";
		};
		2AA34108229C28D4005DE559 /* Extension */ = {
			isa = PBXGroup;
			children = (
				2A1026F022A810F400C31746 /* Array */,
				CA9DC16122A4CB9400BF331A /* Int */,
				2AA3412522A16623005DE559 /* Date */,
				2AA3412222A161FC005DE559 /* String */,
				2AA3411F22A160F5005DE559 /* NSObject */,
				CA0D368022A0D68E004F6968 /* UIDevice */,
				2AA34112229ED765005DE559 /* UIView */,
				2AA3410F229ED6B7005DE559 /* UIButton */,
				2AA3410C229C32A4005DE559 /* UIimage */,
				2AA34109229C28F4005DE559 /* UIColor */,
			);
			path = Extension;
			sourceTree = "<group>";
		};
		2AA34109229C28F4005DE559 /* UIColor */ = {
			isa = PBXGroup;
			children = (
				2AA3410A229C2906005DE559 /* UIColor+Extension.swift */,
			);
			path = UIColor;
			sourceTree = "<group>";
		};
		2AA3410C229C32A4005DE559 /* UIimage */ = {
			isa = PBXGroup;
			children = (
				2AA3410D229C32AE005DE559 /* UIImage+Extension.swift */,
			);
			path = UIimage;
			sourceTree = "<group>";
		};
		2AA3410F229ED6B7005DE559 /* UIButton */ = {
			isa = PBXGroup;
			children = (
				2AA34110229ED6D9005DE559 /* UIButton+Extension.swift */,
			);
			path = UIButton;
			sourceTree = "<group>";
		};
		2AA34112229ED765005DE559 /* UIView */ = {
			isa = PBXGroup;
			children = (
				2AA34113229ED7B3005DE559 /* UIView+Frame.swift */,
			);
			path = UIView;
			sourceTree = "<group>";
		};
		2AA3411522A01B63005DE559 /* Tool */ = {
			isa = PBXGroup;
			children = (
				2A0DEA6322B1390C0059C299 /* ThirdParty */,
				2A0DEA5E22AFF46F0059C299 /* LPageView */,
				CA9DC15C22A4B88C00BF331A /* MBProgressHUD */,
				2AA3411622A01B68005DE559 /* PopUp */,
			);
			path = Tool;
			sourceTree = "<group>";
		};
		2AA3411622A01B68005DE559 /* PopUp */ = {
			isa = PBXGroup;
			children = (
				2AA3411722A01BC5005DE559 /* PopUpViewManager.swift */,
			);
			path = PopUp;
			sourceTree = "<group>";
		};
		2AA3411F22A160F5005DE559 /* NSObject */ = {
			isa = PBXGroup;
			children = (
				2AA3412022A16118005DE559 /* NSObject+Extension.swift */,
			);
			path = NSObject;
			sourceTree = "<group>";
		};
		2AA3412222A161FC005DE559 /* String */ = {
			isa = PBXGroup;
			children = (
				2AA3412322A1621D005DE559 /* String+Extension.swift */,
			);
			path = String;
			sourceTree = "<group>";
		};
		2AA3412522A16623005DE559 /* Date */ = {
			isa = PBXGroup;
			children = (
				2AA3412622A16631005DE559 /* Date+Extension.swift */,
			);
			path = Date;
			sourceTree = "<group>";
		};
		2AA3412A22A2CAB0005DE559 /* NetWork */ = {
			isa = PBXGroup;
			children = (
				2AA3412B22A2CACF005DE559 /* SwiftNetworkManager.swift */,
				2AA3412D22A2CE53005DE559 /* MoyaNetworkConfig.swift */,
				2AA3412F22A2CE92005DE559 /* MoyaTargetTypeEx.swift */,
				2AA3413122A2D24B005DE559 /* NetConst.swift */,
			);
			path = NetWork;
			sourceTree = "<group>";
		};
		2AA3413522A38E94005DE559 /* Model */ = {
			isa = PBXGroup;
			children = (
				2AA3413622A38EB3005DE559 /* CommentListModel.swift */,
				CA9DC16422A4CF9300BF331A /* CommentRequestStruct.swift */,
				CA9AAAF422A66E4E0084B409 /* HomeVideoListModel.swift */,
			);
			path = Model;
			sourceTree = "<group>";
		};
		2AA3413822A3B3A4005DE559 /* Public */ = {
			isa = PBXGroup;
			children = (
				CA279F6E22AE583C00DE3CE8 /* VC */,
				CA9AAAEE22A66DD70084B409 /* Model */,
				2AA3413922A3B3BB005DE559 /* View */,
			);
			path = Public;
			sourceTree = "<group>";
		};
		2AA3413922A3B3BB005DE559 /* View */ = {
			isa = PBXGroup;
			children = (
				2AA3413A22A3B3D6005DE559 /* PublicBottomInputView.swift */,
			);
			path = View;
			sourceTree = "<group>";
		};
		3F3EA90BA62750EAFF3BC298 /* Frameworks */ = {
			isa = PBXGroup;
			children = (
				240A2BF843BF79AF9245642C /* Pods_ImitationShaking.framework */,
				AB8A21A8546AA41F2552136E /* Pods_ImitationShakingTests.framework */,
				CAB9AE47C95E48072E6C02FF /* Pods_ImitationShakingUITests.framework */,
			);
			name = Frameworks;
			sourceTree = "<group>";
		};
		CA049CE322A8B00B0058A55E /* Model */ = {
			isa = PBXGroup;
			children = (
				CA049CE422A8B04A0058A55E /* UserCacheModel.swift */,
			);
			path = Model;
			sourceTree = "<group>";
		};
		CA0D368022A0D68E004F6968 /* UIDevice */ = {
			isa = PBXGroup;
			children = (
				CA0D368122A0D68E004F6968 /* UIDevice+Extension.swift */,
			);
			name = UIDevice;
			path = ImitationShaking/Common/UIDevice;
			sourceTree = SOURCE_ROOT;
		};
		CA279F6E22AE583C00DE3CE8 /* VC */ = {
			isa = PBXGroup;
			children = (
				CA279F6F22AE588200DE3CE8 /* PublicShootViewController.swift */,
			);
			path = VC;
			sourceTree = "<group>";
		};
		CA9AAAEE22A66DD70084B409 /* Model */ = {
			isa = PBXGroup;
			children = (
				CA9AAAF222A66E160084B409 /* PublicUserModel.swift */,
			);
			path = Model;
			sourceTree = "<group>";
		};
		CA9DC15C22A4B88C00BF331A /* MBProgressHUD */ = {
			isa = PBXGroup;
			children = (
				CA9DC15D22A4B90A00BF331A /* MBAlertUtil.swift */,
			);
			path = MBProgressHUD;
			sourceTree = "<group>";
		};
		CA9DC16122A4CB9400BF331A /* Int */ = {
			isa = PBXGroup;
			children = (
				CA9DC16222A4CBC300BF331A /* Int+Extension.swift */,
			);
			path = Int;
			sourceTree = "<group>";
		};
		CA9DC16822A51D8300BF331A /* Login */ = {
			isa = PBXGroup;
			children = (
				CA049CE322A8B00B0058A55E /* Model */,
				CA9DC16922A51DAE00BF331A /* LoginViewController.swift */,
			);
			path = Login;
			sourceTree = "<group>";
		};
		F534CFEC6FD39B4FEAF33187 /* Pods */ = {
			isa = PBXGroup;
			children = (
				121EA2573FF1D3D3F6E5FC32 /* Pods-ImitationShaking.debug.xcconfig */,
				89FFD4FDB688C9F31B297D98 /* Pods-ImitationShaking.release.xcconfig */,
				2083061DAA7E671768881726 /* Pods-ImitationShakingTests.debug.xcconfig */,
				7EE59D65078068B2C29A0012 /* Pods-ImitationShakingTests.release.xcconfig */,
				DD792A7AC2491788E8E060C0 /* Pods-ImitationShakingUITests.debug.xcconfig */,
				2B3195471830D35CFF51399B /* Pods-ImitationShakingUITests.release.xcconfig */,
				813D449C2A2DEC4CAA69C1BB /* Pods-ImitationShaking.pre-release.xcconfig */,
				200C356F7ABBBAE207A843E9 /* Pods-ImitationShakingTests.pre-release.xcconfig */,
				5457946FEA70142C825F89DA /* Pods-ImitationShakingUITests.pre-release.xcconfig */,
			);
			path = Pods;
			sourceTree = "<group>";
		};
/* End PBXGroup section */

/* Begin PBXNativeTarget section */
		2AA3409922998E50005DE559 /* ImitationShaking */ = {
			isa = PBXNativeTarget;
			buildConfigurationList = 2AA340C222998E52005DE559 /* Build configuration list for PBXNativeTarget "ImitationShaking" */;
			buildPhases = (
				20D93D2CE786E2ECECBDC531 /* [CP] Check Pods Manifest.lock */,
				2AA340FF229AE4DD005DE559 /* ShellScript */,
				2AA3409622998E50005DE559 /* Sources */,
				2AA3409722998E50005DE559 /* Frameworks */,
				2AA3409822998E50005DE559 /* Resources */,
				E73C19D16758E6DBF2350178 /* [CP] Embed Pods Frameworks */,
			);
			buildRules = (
			);
			dependencies = (
			);
			name = ImitationShaking;
			productName = ImitationShaking;
			productReference = 2AA3409A22998E50005DE559 /* ImitationShaking.app */;
			productType = "com.apple.product-type.application";
		};
		2AA340AD22998E52005DE559 /* ImitationShakingTests */ = {
			isa = PBXNativeTarget;
			buildConfigurationList = 2AA340C522998E52005DE559 /* Build configuration list for PBXNativeTarget "ImitationShakingTests" */;
			buildPhases = (
				7D9192C089CCFE75A2B86BB7 /* [CP] Check Pods Manifest.lock */,
				2AA340AA22998E52005DE559 /* Sources */,
				2AA340AB22998E52005DE559 /* Frameworks */,
				2AA340AC22998E52005DE559 /* Resources */,
			);
			buildRules = (
			);
			dependencies = (
				2AA340B022998E52005DE559 /* PBXTargetDependency */,
			);
			name = ImitationShakingTests;
			productName = ImitationShakingTests;
			productReference = 2AA340AE22998E52005DE559 /* ImitationShakingTests.xctest */;
			productType = "com.apple.product-type.bundle.unit-test";
		};
		2AA340B822998E52005DE559 /* ImitationShakingUITests */ = {
			isa = PBXNativeTarget;
			buildConfigurationList = 2AA340C822998E52005DE559 /* Build configuration list for PBXNativeTarget "ImitationShakingUITests" */;
			buildPhases = (
				E3D73EF0E2121A87A7824999 /* [CP] Check Pods Manifest.lock */,
				2AA340B522998E52005DE559 /* Sources */,
				2AA340B622998E52005DE559 /* Frameworks */,
				2AA340B722998E52005DE559 /* Resources */,
			);
			buildRules = (
			);
			dependencies = (
				2AA340BB22998E52005DE559 /* PBXTargetDependency */,
			);
			name = ImitationShakingUITests;
			productName = ImitationShakingUITests;
			productReference = 2AA340B922998E52005DE559 /* ImitationShakingUITests.xctest */;
			productType = "com.apple.product-type.bundle.ui-testing";
		};
/* End PBXNativeTarget section */

/* Begin PBXProject section */
		2AA3409222998E50005DE559 /* Project object */ = {
			isa = PBXProject;
			attributes = {
				LastSwiftUpdateCheck = 1020;
				LastUpgradeCheck = 1020;
				ORGANIZATIONNAME = study;
				TargetAttributes = {
					2AA3409922998E50005DE559 = {
						CreatedOnToolsVersion = 10.2.1;
						LastSwiftMigration = 1020;
					};
					2AA340AD22998E52005DE559 = {
						CreatedOnToolsVersion = 10.2.1;
						TestTargetID = 2AA3409922998E50005DE559;
					};
					2AA340B822998E52005DE559 = {
						CreatedOnToolsVersion = 10.2.1;
						TestTargetID = 2AA3409922998E50005DE559;
					};
				};
			};
			buildConfigurationList = 2AA3409522998E50005DE559 /* Build configuration list for PBXProject "ImitationShaking" */;
			compatibilityVersion = "Xcode 9.3";
			developmentRegion = en;
			hasScannedForEncodings = 0;
			knownRegions = (
				en,
				Base,
			);
			mainGroup = 2AA3409122998E50005DE559;
			productRefGroup = 2AA3409B22998E50005DE559 /* Products */;
			projectDirPath = "";
			projectRoot = "";
			targets = (
				2AA3409922998E50005DE559 /* ImitationShaking */,
				2AA340AD22998E52005DE559 /* ImitationShakingTests */,
				2AA340B822998E52005DE559 /* ImitationShakingUITests */,
			);
		};
/* End PBXProject section */

/* Begin PBXResourcesBuildPhase section */
		2AA3409822998E50005DE559 /* Resources */ = {
			isa = PBXResourcesBuildPhase;
			buildActionMask = 2147483647;
			files = (
				2AA3414822A57774005DE559 /* schoolData.json in Resources */,
				2AA340A822998E52005DE559 /* LaunchScreen.storyboard in Resources */,
				2AA3414C22A583E9005DE559 /* 抖腿短视频.md in Resources */,
				2AA3414A22A57810005DE559 /* provincesData.json in Resources */,
				2AA340A522998E52005DE559 /* Assets.xcassets in Resources */,
				2AA340A322998E50005DE559 /* Main.storyboard in Resources */,
			);
			runOnlyForDeploymentPostprocessing = 0;
		};
		2AA340AC22998E52005DE559 /* Resources */ = {
			isa = PBXResourcesBuildPhase;
			buildActionMask = 2147483647;
			files = (
			);
			runOnlyForDeploymentPostprocessing = 0;
		};
		2AA340B722998E52005DE559 /* Resources */ = {
			isa = PBXResourcesBuildPhase;
			buildActionMask = 2147483647;
			files = (
			);
			runOnlyForDeploymentPostprocessing = 0;
		};
/* End PBXResourcesBuildPhase section */

/* Begin PBXShellScriptBuildPhase section */
		20D93D2CE786E2ECECBDC531 /* [CP] Check Pods Manifest.lock */ = {
			isa = PBXShellScriptBuildPhase;
			buildActionMask = 2147483647;
			files = (
			);
			inputFileListPaths = (
			);
			inputPaths = (
				"${PODS_PODFILE_DIR_PATH}/Podfile.lock",
				"${PODS_ROOT}/Manifest.lock",
			);
			name = "[CP] Check Pods Manifest.lock";
			outputFileListPaths = (
			);
			outputPaths = (
				"$(DERIVED_FILE_DIR)/Pods-ImitationShaking-checkManifestLockResult.txt",
			);
			runOnlyForDeploymentPostprocessing = 0;
			shellPath = /bin/sh;
			shellScript = "diff \"${PODS_PODFILE_DIR_PATH}/Podfile.lock\" \"${PODS_ROOT}/Manifest.lock\" > /dev/null\nif [ $? != 0 ] ; then\n    # print error to STDERR\n    echo \"error: The sandbox is not in sync with the Podfile.lock. Run 'pod install' or update your CocoaPods installation.\" >&2\n    exit 1\nfi\n# This output is used by Xcode 'outputs' to avoid re-running this script phase.\necho \"SUCCESS\" > \"${SCRIPT_OUTPUT_FILE_0}\"\n";
			showEnvVarsInLog = 0;
		};
		2AA340FF229AE4DD005DE559 /* ShellScript */ = {
			isa = PBXShellScriptBuildPhase;
			buildActionMask = 2147483647;
			files = (
			);
			inputFileListPaths = (
			);
			inputPaths = (
				"$TEMP_DIR/rswift-lastrun",
			);
			outputFileListPaths = (
			);
			outputPaths = (
				$SRCROOT/R.generated.swift,
			);
			runOnlyForDeploymentPostprocessing = 0;
			shellPath = /bin/sh;
			shellScript = "# Type a script or drag a script file from your workspace to insert its path.\n\"$PODS_ROOT/R.swift/rswift\" generate \"$SRCROOT/R.generated.swift\"\n";
		};
		7D9192C089CCFE75A2B86BB7 /* [CP] Check Pods Manifest.lock */ = {
			isa = PBXShellScriptBuildPhase;
			buildActionMask = 2147483647;
			files = (
			);
			inputFileListPaths = (
			);
			inputPaths = (
				"${PODS_PODFILE_DIR_PATH}/Podfile.lock",
				"${PODS_ROOT}/Manifest.lock",
			);
			name = "[CP] Check Pods Manifest.lock";
			outputFileListPaths = (
			);
			outputPaths = (
				"$(DERIVED_FILE_DIR)/Pods-ImitationShakingTests-checkManifestLockResult.txt",
			);
			runOnlyForDeploymentPostprocessing = 0;
			shellPath = /bin/sh;
			shellScript = "diff \"${PODS_PODFILE_DIR_PATH}/Podfile.lock\" \"${PODS_ROOT}/Manifest.lock\" > /dev/null\nif [ $? != 0 ] ; then\n    # print error to STDERR\n    echo \"error: The sandbox is not in sync with the Podfile.lock. Run 'pod install' or update your CocoaPods installation.\" >&2\n    exit 1\nfi\n# This output is used by Xcode 'outputs' to avoid re-running this script phase.\necho \"SUCCESS\" > \"${SCRIPT_OUTPUT_FILE_0}\"\n";
			showEnvVarsInLog = 0;
		};
		E3D73EF0E2121A87A7824999 /* [CP] Check Pods Manifest.lock */ = {
			isa = PBXShellScriptBuildPhase;
			buildActionMask = 2147483647;
			files = (
			);
			inputFileListPaths = (
			);
			inputPaths = (
				"${PODS_PODFILE_DIR_PATH}/Podfile.lock",
				"${PODS_ROOT}/Manifest.lock",
			);
			name = "[CP] Check Pods Manifest.lock";
			outputFileListPaths = (
			);
			outputPaths = (
				"$(DERIVED_FILE_DIR)/Pods-ImitationShakingUITests-checkManifestLockResult.txt",
			);
			runOnlyForDeploymentPostprocessing = 0;
			shellPath = /bin/sh;
			shellScript = "diff \"${PODS_PODFILE_DIR_PATH}/Podfile.lock\" \"${PODS_ROOT}/Manifest.lock\" > /dev/null\nif [ $? != 0 ] ; then\n    # print error to STDERR\n    echo \"error: The sandbox is not in sync with the Podfile.lock. Run 'pod install' or update your CocoaPods installation.\" >&2\n    exit 1\nfi\n# This output is used by Xcode 'outputs' to avoid re-running this script phase.\necho \"SUCCESS\" > \"${SCRIPT_OUTPUT_FILE_0}\"\n";
			showEnvVarsInLog = 0;
		};
		E73C19D16758E6DBF2350178 /* [CP] Embed Pods Frameworks */ = {
			isa = PBXShellScriptBuildPhase;
			buildActionMask = 2147483647;
			files = (
			);
			inputFileListPaths = (
				"${PODS_ROOT}/Target Support Files/Pods-ImitationShaking/Pods-ImitationShaking-frameworks-${CONFIGURATION}-input-files.xcfilelist",
			);
			name = "[CP] Embed Pods Frameworks";
			outputFileListPaths = (
				"${PODS_ROOT}/Target Support Files/Pods-ImitationShaking/Pods-ImitationShaking-frameworks-${CONFIGURATION}-output-files.xcfilelist",
			);
			runOnlyForDeploymentPostprocessing = 0;
			shellPath = /bin/sh;
			shellScript = "\"${PODS_ROOT}/Target Support Files/Pods-ImitationShaking/Pods-ImitationShaking-frameworks.sh\"\n";
			showEnvVarsInLog = 0;
		};
/* End PBXShellScriptBuildPhase section */

/* Begin PBXSourcesBuildPhase section */
		2AA3409622998E50005DE559 /* Sources */ = {
			isa = PBXSourcesBuildPhase;
			buildActionMask = 2147483647;
			files = (
				2A0DEA6022AFF4AA0059C299 /* LPageView.swift in Sources */,
				CA9DC16A22A51DAE00BF331A /* LoginViewController.swift in Sources */,
				CA9DC16522A4CF9300BF331A /* CommentRequestStruct.swift in Sources */,
				2AA3412122A16118005DE559 /* NSObject+Extension.swift in Sources */,
				2AA3410B229C2906005DE559 /* UIColor+Extension.swift in Sources */,
				2AA340D422999237005DE559 /* BaseViewController.swift in Sources */,
				CA0D368422A1026F004F6968 /* SharePopUpView.swift in Sources */,
				2AA340EF229AA1D6005DE559 /* NSNotificationExtension.swift in Sources */,
				2AA340E2229996A3005DE559 /* MessageViewController.swift in Sources */,
				2AA3412C22A2CACF005DE559 /* SwiftNetworkManager.swift in Sources */,
				2AA340E822999B8E005DE559 /* BaseTabBar.swift in Sources */,
				2AA340D122999136005DE559 /* BaseTabBarController.swift in Sources */,
				2AA340A022998E50005DE559 /* ViewController.swift in Sources */,
				2AA34103229AE959005DE559 /* R.generated.swift in Sources */,
				2AA340E022999698005DE559 /* VideoUpdateViewController.swift in Sources */,
				2AA3410E229C32AE005DE559 /* UIImage+Extension.swift in Sources */,
				2AA3413722A38EB3005DE559 /* CommentListModel.swift in Sources */,
				2AA340F8229ABEAA005DE559 /* HomeCollectionViewCell.swift in Sources */,
				2AA3413222A2D24B005DE559 /* NetConst.swift in Sources */,
				2AA3412722A16631005DE559 /* Date+Extension.swift in Sources */,
				2AA340FB229ACA75005DE559 /* HomeHeaderView.swift in Sources */,
				CA93589B22B20237004C7EFF /* LTitleBar.swift in Sources */,
				2AA3413022A2CE92005DE559 /* MoyaTargetTypeEx.swift in Sources */,
				2A1026F222A8110B00C31746 /* Array+Extension.swift in Sources */,
				CA0D368222A0D68E004F6968 /* UIDevice+Extension.swift in Sources */,
				2AA3411822A01BC5005DE559 /* PopUpViewManager.swift in Sources */,
				2AA3412E22A2CE53005DE559 /* MoyaNetworkConfig.swift in Sources */,
				2AA340F1229AA1D6005DE559 /* Constant.swift in Sources */,
				2AA340F2229AA1D6005DE559 /* AboutApp.swift in Sources */,
				CA93589522B1EC26004C7EFF /* LTitleItemLayout.swift in Sources */,
				2AA3413B22A3B3D6005DE559 /* PublicBottomInputView.swift in Sources */,
				CAA1883E22B0DA8E0077B7AA /* LTitleBarLayout.swift in Sources */,
				CA9DC16322A4CBC300BF331A /* Int+Extension.swift in Sources */,
				CA9AAAF522A66E4E0084B409 /* HomeVideoListModel.swift in Sources */,
				2AA340FD229ACBB7005DE559 /* HomeVideoOperationView.swift in Sources */,
				2AA3411A22A01C74005DE559 /* CommentsPopUpView.swift in Sources */,
				2AA3411E22A160A4005DE559 /* CommentsReplyTableViewCell.swift in Sources */,
				CA9DC16022A4C15700BF331A /* CommentsReplyMoreTableViewCell.swift in Sources */,
				2AA3409E22998E50005DE559 /* AppDelegate.swift in Sources */,
				2AA340DE2299968B005DE559 /* FriendsViewController.swift in Sources */,
				2A0DEA6722B149320059C299 /* LHeaderContentView.swift in Sources */,
				2AA3413422A370F3005DE559 /* CommentsHeaderView.swift in Sources */,
				CA279F7022AE588200DE3CE8 /* PublicShootViewController.swift in Sources */,
				2AA340CF2299910C005DE559 /* BaseNavigationController.swift in Sources */,
				CA279F6D22AE4D2200DE3CE8 /* RootViewController.swift in Sources */,
				CAA1884022B0E3E30077B7AA /* LPagesCache.swift in Sources */,
				2AA340DC2299967D005DE559 /* HomeViewController.swift in Sources */,
				CA9AAAF322A66E160084B409 /* PublicUserModel.swift in Sources */,
				2AA34114229ED7B3005DE559 /* UIView+Frame.swift in Sources */,
				CA049CE522A8B04A0058A55E /* UserCacheModel.swift in Sources */,
				2AA34111229ED6D9005DE559 /* UIButton+Extension.swift in Sources */,
				2AA3412422A1621D005DE559 /* String+Extension.swift in Sources */,
				CA9DC15E22A4B90A00BF331A /* MBAlertUtil.swift in Sources */,
				2AA340E4229996AD005DE559 /* MineViewController.swift in Sources */,
			);
			runOnlyForDeploymentPostprocessing = 0;
		};
		2AA340AA22998E52005DE559 /* Sources */ = {
			isa = PBXSourcesBuildPhase;
			buildActionMask = 2147483647;
			files = (
				2AA340B322998E52005DE559 /* ImitationShakingTests.swift in Sources */,
			);
			runOnlyForDeploymentPostprocessing = 0;
		};
		2AA340B522998E52005DE559 /* Sources */ = {
			isa = PBXSourcesBuildPhase;
			buildActionMask = 2147483647;
			files = (
				2AA340BE22998E52005DE559 /* ImitationShakingUITests.swift in Sources */,
			);
			runOnlyForDeploymentPostprocessing = 0;
		};
/* End PBXSourcesBuildPhase section */

/* Begin PBXTargetDependency section */
		2AA340B022998E52005DE559 /* PBXTargetDependency */ = {
			isa = PBXTargetDependency;
			target = 2AA3409922998E50005DE559 /* ImitationShaking */;
			targetProxy = 2AA340AF22998E52005DE559 /* PBXContainerItemProxy */;
		};
		2AA340BB22998E52005DE559 /* PBXTargetDependency */ = {
			isa = PBXTargetDependency;
			target = 2AA3409922998E50005DE559 /* ImitationShaking */;
			targetProxy = 2AA340BA22998E52005DE559 /* PBXContainerItemProxy */;
		};
/* End PBXTargetDependency section */

/* Begin PBXVariantGroup section */
		2AA340A122998E50005DE559 /* Main.storyboard */ = {
			isa = PBXVariantGroup;
			children = (
				2AA340A222998E50005DE559 /* Base */,
			);
			name = Main.storyboard;
			sourceTree = "<group>";
		};
		2AA340A622998E52005DE559 /* LaunchScreen.storyboard */ = {
			isa = PBXVariantGroup;
			children = (
				2AA340A722998E52005DE559 /* Base */,
			);
			name = LaunchScreen.storyboard;
			sourceTree = "<group>";
		};
/* End PBXVariantGroup section */

/* Begin XCBuildConfiguration section */
		2A0B26EA22ABF4840032EB6C /* Pre-Release */ = {
			isa = XCBuildConfiguration;
			buildSettings = {
				ALWAYS_SEARCH_USER_PATHS = NO;
				CLANG_ANALYZER_NONNULL = YES;
				CLANG_ANALYZER_NUMBER_OBJECT_CONVERSION = YES_AGGRESSIVE;
				CLANG_CXX_LANGUAGE_STANDARD = "gnu++14";
				CLANG_CXX_LIBRARY = "libc++";
				CLANG_ENABLE_MODULES = YES;
				CLANG_ENABLE_OBJC_ARC = YES;
				CLANG_ENABLE_OBJC_WEAK = YES;
				CLANG_WARN_BLOCK_CAPTURE_AUTORELEASING = YES;
				CLANG_WARN_BOOL_CONVERSION = YES;
				CLANG_WARN_COMMA = YES;
				CLANG_WARN_CONSTANT_CONVERSION = YES;
				CLANG_WARN_DEPRECATED_OBJC_IMPLEMENTATIONS = YES;
				CLANG_WARN_DIRECT_OBJC_ISA_USAGE = YES_ERROR;
				CLANG_WARN_DOCUMENTATION_COMMENTS = YES;
				CLANG_WARN_EMPTY_BODY = YES;
				CLANG_WARN_ENUM_CONVERSION = YES;
				CLANG_WARN_INFINITE_RECURSION = YES;
				CLANG_WARN_INT_CONVERSION = YES;
				CLANG_WARN_NON_LITERAL_NULL_CONVERSION = YES;
				CLANG_WARN_OBJC_IMPLICIT_RETAIN_SELF = YES;
				CLANG_WARN_OBJC_LITERAL_CONVERSION = YES;
				CLANG_WARN_OBJC_ROOT_CLASS = YES_ERROR;
				CLANG_WARN_RANGE_LOOP_ANALYSIS = YES;
				CLANG_WARN_STRICT_PROTOTYPES = YES;
				CLANG_WARN_SUSPICIOUS_MOVE = YES;
				CLANG_WARN_UNGUARDED_AVAILABILITY = YES_AGGRESSIVE;
				CLANG_WARN_UNREACHABLE_CODE = YES;
				CLANG_WARN__DUPLICATE_METHOD_MATCH = YES;
				CODE_SIGN_IDENTITY = "iPhone Developer";
				COPY_PHASE_STRIP = NO;
				DEBUG_INFORMATION_FORMAT = dwarf;
				ENABLE_STRICT_OBJC_MSGSEND = YES;
				ENABLE_TESTABILITY = YES;
				GCC_C_LANGUAGE_STANDARD = gnu11;
				GCC_DYNAMIC_NO_PIC = NO;
				GCC_NO_COMMON_BLOCKS = YES;
				GCC_OPTIMIZATION_LEVEL = 0;
				GCC_PREPROCESSOR_DEFINITIONS = (
					"PRERELEASE=2",
					"$(inherited)",
				);
				GCC_WARN_64_TO_32_BIT_CONVERSION = YES;
				GCC_WARN_ABOUT_RETURN_TYPE = YES_ERROR;
				GCC_WARN_UNDECLARED_SELECTOR = YES;
				GCC_WARN_UNINITIALIZED_AUTOS = YES_AGGRESSIVE;
				GCC_WARN_UNUSED_FUNCTION = YES;
				GCC_WARN_UNUSED_VARIABLE = YES;
				IPHONEOS_DEPLOYMENT_TARGET = 12.2;
				MTL_ENABLE_DEBUG_INFO = INCLUDE_SOURCE;
				MTL_FAST_MATH = YES;
				ONLY_ACTIVE_ARCH = YES;
				SDKROOT = iphoneos;
				SWIFT_ACTIVE_COMPILATION_CONDITIONS = PRERELEASE;
				SWIFT_OPTIMIZATION_LEVEL = "-Onone";
			};
			name = "Pre-Release";
		};
		2A0B26EB22ABF4840032EB6C /* Pre-Release */ = {
			isa = XCBuildConfiguration;
			baseConfigurationReference = 813D449C2A2DEC4CAA69C1BB /* Pods-ImitationShaking.pre-release.xcconfig */;
			buildSettings = {
				ASSETCATALOG_COMPILER_APPICON_NAME = AppIcon;
				CLANG_ENABLE_MODULES = YES;
				CODE_SIGN_STYLE = Automatic;
				CustomProductName = "预发布";
				DEVELOPMENT_TEAM = 5P2JD4K827;
				FRAMEWORK_SEARCH_PATHS = (
					"$(inherited)",
					"$(PROJECT_DIR)/ImitationShaking/Common/Tool/ThirdParty",
				);
				INFOPLIST_FILE = ImitationShaking/Info.plist;
				IPHONEOS_DEPLOYMENT_TARGET = 10.0;
				LD_RUNPATH_SEARCH_PATHS = (
					"$(inherited)",
					"@executable_path/Frameworks",
				);
				PRODUCT_BUNDLE_IDENTIFIER = com.study.less.ImitationShaking;
				PRODUCT_NAME = "$(TARGET_NAME)";
				SWIFT_OBJC_BRIDGING_HEADER = "ImitationShaking/ImitationShaking-Bridging-Header.h";
				SWIFT_OPTIMIZATION_LEVEL = "-Onone";
				SWIFT_VERSION = 5.0;
				TARGETED_DEVICE_FAMILY = "1,2";
			};
			name = "Pre-Release";
		};
		2A0B26EC22ABF4840032EB6C /* Pre-Release */ = {
			isa = XCBuildConfiguration;
			baseConfigurationReference = 200C356F7ABBBAE207A843E9 /* Pods-ImitationShakingTests.pre-release.xcconfig */;
			buildSettings = {
				ALWAYS_EMBED_SWIFT_STANDARD_LIBRARIES = YES;
				BUNDLE_LOADER = "$(TEST_HOST)";
				CODE_SIGN_STYLE = Automatic;
				DEVELOPMENT_TEAM = 5P2JD4K827;
				INFOPLIST_FILE = ImitationShakingTests/Info.plist;
				LD_RUNPATH_SEARCH_PATHS = (
					"$(inherited)",
					"@executable_path/Frameworks",
					"@loader_path/Frameworks",
				);
				PRODUCT_BUNDLE_IDENTIFIER = com.study.less.ImitationShakingTests;
				PRODUCT_NAME = "$(TARGET_NAME)";
				SWIFT_VERSION = 5.0;
				TARGETED_DEVICE_FAMILY = "1,2";
				TEST_HOST = "$(BUILT_PRODUCTS_DIR)/ImitationShaking.app/ImitationShaking";
			};
			name = "Pre-Release";
		};
		2A0B26ED22ABF4840032EB6C /* Pre-Release */ = {
			isa = XCBuildConfiguration;
			baseConfigurationReference = 5457946FEA70142C825F89DA /* Pods-ImitationShakingUITests.pre-release.xcconfig */;
			buildSettings = {
				ALWAYS_EMBED_SWIFT_STANDARD_LIBRARIES = YES;
				CODE_SIGN_STYLE = Automatic;
				DEVELOPMENT_TEAM = 5P2JD4K827;
				INFOPLIST_FILE = ImitationShakingUITests/Info.plist;
				LD_RUNPATH_SEARCH_PATHS = (
					"$(inherited)",
					"@executable_path/Frameworks",
					"@loader_path/Frameworks",
				);
				PRODUCT_BUNDLE_IDENTIFIER = com.study.less.ImitationShakingUITests;
				PRODUCT_NAME = "$(TARGET_NAME)";
				SWIFT_VERSION = 5.0;
				TARGETED_DEVICE_FAMILY = "1,2";
				TEST_TARGET_NAME = ImitationShaking;
			};
			name = "Pre-Release";
		};
		2AA340C022998E52005DE559 /* Debug */ = {
			isa = XCBuildConfiguration;
			buildSettings = {
				ALWAYS_SEARCH_USER_PATHS = NO;
				CLANG_ANALYZER_NONNULL = YES;
				CLANG_ANALYZER_NUMBER_OBJECT_CONVERSION = YES_AGGRESSIVE;
				CLANG_CXX_LANGUAGE_STANDARD = "gnu++14";
				CLANG_CXX_LIBRARY = "libc++";
				CLANG_ENABLE_MODULES = YES;
				CLANG_ENABLE_OBJC_ARC = YES;
				CLANG_ENABLE_OBJC_WEAK = YES;
				CLANG_WARN_BLOCK_CAPTURE_AUTORELEASING = YES;
				CLANG_WARN_BOOL_CONVERSION = YES;
				CLANG_WARN_COMMA = YES;
				CLANG_WARN_CONSTANT_CONVERSION = YES;
				CLANG_WARN_DEPRECATED_OBJC_IMPLEMENTATIONS = YES;
				CLANG_WARN_DIRECT_OBJC_ISA_USAGE = YES_ERROR;
				CLANG_WARN_DOCUMENTATION_COMMENTS = YES;
				CLANG_WARN_EMPTY_BODY = YES;
				CLANG_WARN_ENUM_CONVERSION = YES;
				CLANG_WARN_INFINITE_RECURSION = YES;
				CLANG_WARN_INT_CONVERSION = YES;
				CLANG_WARN_NON_LITERAL_NULL_CONVERSION = YES;
				CLANG_WARN_OBJC_IMPLICIT_RETAIN_SELF = YES;
				CLANG_WARN_OBJC_LITERAL_CONVERSION = YES;
				CLANG_WARN_OBJC_ROOT_CLASS = YES_ERROR;
				CLANG_WARN_RANGE_LOOP_ANALYSIS = YES;
				CLANG_WARN_STRICT_PROTOTYPES = YES;
				CLANG_WARN_SUSPICIOUS_MOVE = YES;
				CLANG_WARN_UNGUARDED_AVAILABILITY = YES_AGGRESSIVE;
				CLANG_WARN_UNREACHABLE_CODE = YES;
				CLANG_WARN__DUPLICATE_METHOD_MATCH = YES;
				CODE_SIGN_IDENTITY = "iPhone Developer";
				COPY_PHASE_STRIP = NO;
				DEBUG_INFORMATION_FORMAT = dwarf;
				ENABLE_STRICT_OBJC_MSGSEND = YES;
				ENABLE_TESTABILITY = YES;
				GCC_C_LANGUAGE_STANDARD = gnu11;
				GCC_DYNAMIC_NO_PIC = NO;
				GCC_NO_COMMON_BLOCKS = YES;
				GCC_OPTIMIZATION_LEVEL = 0;
				GCC_PREPROCESSOR_DEFINITIONS = (
					"DEBUG=1",
					"$(inherited)",
				);
				GCC_WARN_64_TO_32_BIT_CONVERSION = YES;
				GCC_WARN_ABOUT_RETURN_TYPE = YES_ERROR;
				GCC_WARN_UNDECLARED_SELECTOR = YES;
				GCC_WARN_UNINITIALIZED_AUTOS = YES_AGGRESSIVE;
				GCC_WARN_UNUSED_FUNCTION = YES;
				GCC_WARN_UNUSED_VARIABLE = YES;
				IPHONEOS_DEPLOYMENT_TARGET = 12.2;
				MTL_ENABLE_DEBUG_INFO = INCLUDE_SOURCE;
				MTL_FAST_MATH = YES;
				ONLY_ACTIVE_ARCH = YES;
				SDKROOT = iphoneos;
				SWIFT_ACTIVE_COMPILATION_CONDITIONS = DEBUG;
				SWIFT_OPTIMIZATION_LEVEL = "-Onone";
			};
			name = Debug;
		};
		2AA340C122998E52005DE559 /* Release */ = {
			isa = XCBuildConfiguration;
			buildSettings = {
				ALWAYS_SEARCH_USER_PATHS = NO;
				CLANG_ANALYZER_NONNULL = YES;
				CLANG_ANALYZER_NUMBER_OBJECT_CONVERSION = YES_AGGRESSIVE;
				CLANG_CXX_LANGUAGE_STANDARD = "gnu++14";
				CLANG_CXX_LIBRARY = "libc++";
				CLANG_ENABLE_MODULES = YES;
				CLANG_ENABLE_OBJC_ARC = YES;
				CLANG_ENABLE_OBJC_WEAK = YES;
				CLANG_WARN_BLOCK_CAPTURE_AUTORELEASING = YES;
				CLANG_WARN_BOOL_CONVERSION = YES;
				CLANG_WARN_COMMA = YES;
				CLANG_WARN_CONSTANT_CONVERSION = YES;
				CLANG_WARN_DEPRECATED_OBJC_IMPLEMENTATIONS = YES;
				CLANG_WARN_DIRECT_OBJC_ISA_USAGE = YES_ERROR;
				CLANG_WARN_DOCUMENTATION_COMMENTS = YES;
				CLANG_WARN_EMPTY_BODY = YES;
				CLANG_WARN_ENUM_CONVERSION = YES;
				CLANG_WARN_INFINITE_RECURSION = YES;
				CLANG_WARN_INT_CONVERSION = YES;
				CLANG_WARN_NON_LITERAL_NULL_CONVERSION = YES;
				CLANG_WARN_OBJC_IMPLICIT_RETAIN_SELF = YES;
				CLANG_WARN_OBJC_LITERAL_CONVERSION = YES;
				CLANG_WARN_OBJC_ROOT_CLASS = YES_ERROR;
				CLANG_WARN_RANGE_LOOP_ANALYSIS = YES;
				CLANG_WARN_STRICT_PROTOTYPES = YES;
				CLANG_WARN_SUSPICIOUS_MOVE = YES;
				CLANG_WARN_UNGUARDED_AVAILABILITY = YES_AGGRESSIVE;
				CLANG_WARN_UNREACHABLE_CODE = YES;
				CLANG_WARN__DUPLICATE_METHOD_MATCH = YES;
				CODE_SIGN_IDENTITY = "iPhone Developer";
				COPY_PHASE_STRIP = NO;
				DEBUG_INFORMATION_FORMAT = "dwarf-with-dsym";
				ENABLE_NS_ASSERTIONS = NO;
				ENABLE_STRICT_OBJC_MSGSEND = YES;
				GCC_C_LANGUAGE_STANDARD = gnu11;
				GCC_NO_COMMON_BLOCKS = YES;
				GCC_WARN_64_TO_32_BIT_CONVERSION = YES;
				GCC_WARN_ABOUT_RETURN_TYPE = YES_ERROR;
				GCC_WARN_UNDECLARED_SELECTOR = YES;
				GCC_WARN_UNINITIALIZED_AUTOS = YES_AGGRESSIVE;
				GCC_WARN_UNUSED_FUNCTION = YES;
				GCC_WARN_UNUSED_VARIABLE = YES;
				IPHONEOS_DEPLOYMENT_TARGET = 12.2;
				MTL_ENABLE_DEBUG_INFO = NO;
				MTL_FAST_MATH = YES;
				SDKROOT = iphoneos;
				SWIFT_COMPILATION_MODE = wholemodule;
				SWIFT_OPTIMIZATION_LEVEL = "-O";
				VALIDATE_PRODUCT = YES;
			};
			name = Release;
		};
		2AA340C322998E52005DE559 /* Debug */ = {
			isa = XCBuildConfiguration;
			baseConfigurationReference = 121EA2573FF1D3D3F6E5FC32 /* Pods-ImitationShaking.debug.xcconfig */;
			buildSettings = {
				ASSETCATALOG_COMPILER_APPICON_NAME = AppIcon;
				CLANG_ENABLE_MODULES = YES;
				CODE_SIGN_STYLE = Automatic;
				CustomProductName = "测试环境";
				DEVELOPMENT_TEAM = 5P2JD4K827;
				FRAMEWORK_SEARCH_PATHS = (
					"$(inherited)",
					"$(PROJECT_DIR)/ImitationShaking/Common/Tool/ThirdParty",
				);
				INFOPLIST_FILE = ImitationShaking/Info.plist;
				IPHONEOS_DEPLOYMENT_TARGET = 10.0;
				LD_RUNPATH_SEARCH_PATHS = (
					"$(inherited)",
					"@executable_path/Frameworks",
				);
				PRODUCT_BUNDLE_IDENTIFIER = com.study.less.ImitationShaking;
				PRODUCT_NAME = "$(TARGET_NAME)";
				SWIFT_OBJC_BRIDGING_HEADER = "ImitationShaking/ImitationShaking-Bridging-Header.h";
				SWIFT_OPTIMIZATION_LEVEL = "-Onone";
				SWIFT_VERSION = 5.0;
				TARGETED_DEVICE_FAMILY = "1,2";
			};
			name = Debug;
		};
		2AA340C422998E52005DE559 /* Release */ = {
			isa = XCBuildConfiguration;
			baseConfigurationReference = 89FFD4FDB688C9F31B297D98 /* Pods-ImitationShaking.release.xcconfig */;
			buildSettings = {
				ASSETCATALOG_COMPILER_APPICON_NAME = AppIcon;
				CLANG_ENABLE_MODULES = YES;
				CODE_SIGN_STYLE = Automatic;
				CustomProductName = "正式环境";
				DEVELOPMENT_TEAM = 5P2JD4K827;
				FRAMEWORK_SEARCH_PATHS = (
					"$(inherited)",
					"$(PROJECT_DIR)/ImitationShaking/Common/Tool/ThirdParty",
				);
				INFOPLIST_FILE = ImitationShaking/Info.plist;
				IPHONEOS_DEPLOYMENT_TARGET = 10.0;
				LD_RUNPATH_SEARCH_PATHS = (
					"$(inherited)",
					"@executable_path/Frameworks",
				);
				PRODUCT_BUNDLE_IDENTIFIER = com.study.less.ImitationShaking;
				PRODUCT_NAME = "$(TARGET_NAME)";
				SWIFT_OBJC_BRIDGING_HEADER = "ImitationShaking/ImitationShaking-Bridging-Header.h";
				SWIFT_VERSION = 5.0;
				TARGETED_DEVICE_FAMILY = "1,2";
			};
			name = Release;
		};
		2AA340C622998E52005DE559 /* Debug */ = {
			isa = XCBuildConfiguration;
			baseConfigurationReference = 2083061DAA7E671768881726 /* Pods-ImitationShakingTests.debug.xcconfig */;
			buildSettings = {
				ALWAYS_EMBED_SWIFT_STANDARD_LIBRARIES = YES;
				BUNDLE_LOADER = "$(TEST_HOST)";
				CODE_SIGN_STYLE = Automatic;
				DEVELOPMENT_TEAM = 5P2JD4K827;
				INFOPLIST_FILE = ImitationShakingTests/Info.plist;
				LD_RUNPATH_SEARCH_PATHS = (
					"$(inherited)",
					"@executable_path/Frameworks",
					"@loader_path/Frameworks",
				);
				PRODUCT_BUNDLE_IDENTIFIER = com.study.less.ImitationShakingTests;
				PRODUCT_NAME = "$(TARGET_NAME)";
				SWIFT_VERSION = 5.0;
				TARGETED_DEVICE_FAMILY = "1,2";
				TEST_HOST = "$(BUILT_PRODUCTS_DIR)/ImitationShaking.app/ImitationShaking";
			};
			name = Debug;
		};
		2AA340C722998E52005DE559 /* Release */ = {
			isa = XCBuildConfiguration;
			baseConfigurationReference = 7EE59D65078068B2C29A0012 /* Pods-ImitationShakingTests.release.xcconfig */;
			buildSettings = {
				ALWAYS_EMBED_SWIFT_STANDARD_LIBRARIES = YES;
				BUNDLE_LOADER = "$(TEST_HOST)";
				CODE_SIGN_STYLE = Automatic;
				DEVELOPMENT_TEAM = 5P2JD4K827;
				INFOPLIST_FILE = ImitationShakingTests/Info.plist;
				LD_RUNPATH_SEARCH_PATHS = (
					"$(inherited)",
					"@executable_path/Frameworks",
					"@loader_path/Frameworks",
				);
				PRODUCT_BUNDLE_IDENTIFIER = com.study.less.ImitationShakingTests;
				PRODUCT_NAME = "$(TARGET_NAME)";
				SWIFT_VERSION = 5.0;
				TARGETED_DEVICE_FAMILY = "1,2";
				TEST_HOST = "$(BUILT_PRODUCTS_DIR)/ImitationShaking.app/ImitationShaking";
			};
			name = Release;
		};
		2AA340C922998E52005DE559 /* Debug */ = {
			isa = XCBuildConfiguration;
			baseConfigurationReference = DD792A7AC2491788E8E060C0 /* Pods-ImitationShakingUITests.debug.xcconfig */;
			buildSettings = {
				ALWAYS_EMBED_SWIFT_STANDARD_LIBRARIES = YES;
				CODE_SIGN_STYLE = Automatic;
				DEVELOPMENT_TEAM = 5P2JD4K827;
				INFOPLIST_FILE = ImitationShakingUITests/Info.plist;
				LD_RUNPATH_SEARCH_PATHS = (
					"$(inherited)",
					"@executable_path/Frameworks",
					"@loader_path/Frameworks",
				);
				PRODUCT_BUNDLE_IDENTIFIER = com.study.less.ImitationShakingUITests;
				PRODUCT_NAME = "$(TARGET_NAME)";
				SWIFT_VERSION = 5.0;
				TARGETED_DEVICE_FAMILY = "1,2";
				TEST_TARGET_NAME = ImitationShaking;
			};
			name = Debug;
		};
		2AA340CA22998E52005DE559 /* Release */ = {
			isa = XCBuildConfiguration;
			baseConfigurationReference = 2B3195471830D35CFF51399B /* Pods-ImitationShakingUITests.release.xcconfig */;
			buildSettings = {
				ALWAYS_EMBED_SWIFT_STANDARD_LIBRARIES = YES;
				CODE_SIGN_STYLE = Automatic;
				DEVELOPMENT_TEAM = 5P2JD4K827;
				INFOPLIST_FILE = ImitationShakingUITests/Info.plist;
				LD_RUNPATH_SEARCH_PATHS = (
					"$(inherited)",
					"@executable_path/Frameworks",
					"@loader_path/Frameworks",
				);
				PRODUCT_BUNDLE_IDENTIFIER = com.study.less.ImitationShakingUITests;
				PRODUCT_NAME = "$(TARGET_NAME)";
				SWIFT_VERSION = 5.0;
				TARGETED_DEVICE_FAMILY = "1,2";
				TEST_TARGET_NAME = ImitationShaking;
			};
			name = Release;
		};
/* End XCBuildConfiguration section */

/* Begin XCConfigurationList section */
		2AA3409522998E50005DE559 /* Build configuration list for PBXProject "ImitationShaking" */ = {
			isa = XCConfigurationList;
			buildConfigurations = (
				2AA340C022998E52005DE559 /* Debug */,
				2A0B26EA22ABF4840032EB6C /* Pre-Release */,
				2AA340C122998E52005DE559 /* Release */,
			);
			defaultConfigurationIsVisible = 0;
			defaultConfigurationName = Release;
		};
		2AA340C222998E52005DE559 /* Build configuration list for PBXNativeTarget "ImitationShaking" */ = {
			isa = XCConfigurationList;
			buildConfigurations = (
				2AA340C322998E52005DE559 /* Debug */,
				2A0B26EB22ABF4840032EB6C /* Pre-Release */,
				2AA340C422998E52005DE559 /* Release */,
			);
			defaultConfigurationIsVisible = 0;
			defaultConfigurationName = Release;
		};
		2AA340C522998E52005DE559 /* Build configuration list for PBXNativeTarget "ImitationShakingTests" */ = {
			isa = XCConfigurationList;
			buildConfigurations = (
				2AA340C622998E52005DE559 /* Debug */,
				2A0B26EC22ABF4840032EB6C /* Pre-Release */,
				2AA340C722998E52005DE559 /* Release */,
			);
			defaultConfigurationIsVisible = 0;
			defaultConfigurationName = Release;
		};
		2AA340C822998E52005DE559 /* Build configuration list for PBXNativeTarget "ImitationShakingUITests" */ = {
			isa = XCConfigurationList;
			buildConfigurations = (
				2AA340C922998E52005DE559 /* Debug */,
				2A0B26ED22ABF4840032EB6C /* Pre-Release */,
				2AA340CA22998E52005DE559 /* Release */,
			);
			defaultConfigurationIsVisible = 0;
			defaultConfigurationName = Release;
		};
/* End XCConfigurationList section */
	};
	rootObject = 2AA3409222998E50005DE559 /* Project object */;
}
